{
  "lockfile_version": "1",
  "packages": {
    "bazel-watcher@latest": {
      "last_modified": "2025-06-20T02:24:11Z",
      "resolved": "github:NixOS/nixpkgs/076e8c6678d8c54204abcb4b1b14c366835a58bb#bazel-watcher",
      "source": "devbox-search",
      "version": "0.26.1",
      "systems": {
        "aarch64-darwin": {
          "outputs": [
            {
              "name": "out",
              "path": "/nix/store/6hyqz58s72ba84gc3xiwh9lq3q550y3v-bazel-watcher-0.26.1",
              "default": true
            }
          ],
          "store_path": "/nix/store/6hyqz58s72ba84gc3xiwh9lq3q550y3v-bazel-watcher-0.26.1"
        },
        "aarch64-linux": {
          "outputs": [
            {
              "name": "out",
              "path": "/nix/store/x3hbdzsd84k170f0xrwikw0sdlpvl86k-bazel-watcher-0.26.1",
              "default": true
            }
          ],
          "store_path": "/nix/store/x3hbdzsd84k170f0xrwikw0sdlpvl86k-bazel-watcher-0.26.1"
        },
        "x86_64-darwin": {
          "outputs": [
            {
              "name": "out",
              "path": "/nix/store/4xmr7pyp7r11wjn1vn4ldgh5bndnwyq9-bazel-watcher-0.26.1",
              "default": true
            }
          ],
          "store_path": "/nix/store/4xmr7pyp7r11wjn1vn4ldgh5bndnwyq9-bazel-watcher-0.26.1"
        },
        "x86_64-linux": {
          "outputs": [
            {
              "name": "out",
              "path": "/nix/store/c7s70a5kpf6ln8bda99qvf1wrlv68fv2-bazel-watcher-0.26.1",
              "default": true
            }
          ],
          "store_path": "/nix/store/c7s70a5kpf6ln8bda99qvf1wrlv68fv2-bazel-watcher-0.26.1"
        }
      }
    },
    "bazelisk@latest": {
      "last_modified": "2025-05-16T20:19:48Z",
      "resolved": "github:NixOS/nixpkgs/12a55407652e04dcf2309436eb06fef0d3713ef3#bazelisk",
      "source": "devbox-search",
      "version": "1.25.0",
      "systems": {
        "aarch64-darwin": {
          "outputs": [
            {
              "name": "out",
              "path": "/nix/store/pj4cay3rsxkwhmdvh6y84p5kbi2cp85m-bazelisk-1.25.0",
              "default": true
            }
          ],
          "store_path": "/nix/store/pj4cay3rsxkwhmdvh6y84p5kbi2cp85m-bazelisk-1.25.0"
        },
        "aarch64-linux": {
          "outputs": [
            {
              "name": "out",
              "path": "/nix/store/k9rxzmwmiwgincdg0m4ls2w7m0xid3xi-bazelisk-1.25.0",
              "default": true
            }
          ],
          "store_path": "/nix/store/k9rxzmwmiwgincdg0m4ls2w7m0xid3xi-bazelisk-1.25.0"
        },
        "x86_64-darwin": {
          "outputs": [
            {
              "name": "out",
              "path": "/nix/store/79wsik7v6f4abn9ww5s02ql787rg407r-bazelisk-1.25.0",
              "default": true
            }
          ],
          "store_path": "/nix/store/79wsik7v6f4abn9ww5s02ql787rg407r-bazelisk-1.25.0"
        },
        "x86_64-linux": {
          "outputs": [
            {
              "name": "out",
              "path": "/nix/store/kr0jri8xygjnx9jpal3l4izw373kg81a-bazelisk-1.25.0",
              "default": true
            }
          ],
          "store_path": "/nix/store/kr0jri8xygjnx9jpal3l4izw373kg81a-bazelisk-1.25.0"
        }
      }
    },
    "github:NixOS/nixpkgs/nixpkgs-unstable": {
      "resolved": "github:NixOS/nixpkgs/08fcb0dcb59df0344652b38ea6326a2d8271baff?lastModified=1749401433&narHash=sha256-HXIQzULIG%2FMEUW2Q%2FSs47oE3QrjxvpUX7gUl4Xp6lnc%3D"
    },
    "protobuf@latest": {
      "last_modified": "2025-05-16T20:19:48Z",
      "resolved": "github:NixOS/nixpkgs/12a55407652e04dcf2309436eb06fef0d3713ef3#protobuf",
      "source": "devbox-search",
      "version": "30.2",
      "systems": {
        "aarch64-darwin": {
          "outputs": [
            {
              "name": "out",
              "path": "/nix/store/8amcpfvr562pk1l3hpbhdl5j68gq919h-protobuf-30.2",
              "default": true
            }
          ],
          "store_path": "/nix/store/8amcpfvr562pk1l3hpbhdl5j68gq919h-protobuf-30.2"
        },
        "aarch64-linux": {
          "outputs": [
            {
              "name": "out",
              "path": "/nix/store/45gdbaby7c66h2hna0q3y543c13r3wdm-protobuf-30.2",
              "default": true
            }
          ],
          "store_path": "/nix/store/45gdbaby7c66h2hna0q3y543c13r3wdm-protobuf-30.2"
        },
        "x86_64-darwin": {
          "outputs": [
            {
              "name": "out",
              "path": "/nix/store/ljqlb5y5pvlcvwf2rnbysfvpc8y30l3f-protobuf-30.2",
              "default": true
            }
          ],
          "store_path": "/nix/store/ljqlb5y5pvlcvwf2rnbysfvpc8y30l3f-protobuf-30.2"
        },
        "x86_64-linux": {
          "outputs": [
            {
              "name": "out",
              "path": "/nix/store/88ma4lbybcpdg0z8745nw9mvj5anb7mq-protobuf-30.2",
              "default": true
            }
          ],
          "store_path": "/nix/store/88ma4lbybcpdg0z8745nw9mvj5anb7mq-protobuf-30.2"
        }
      }
    }
  }
}
